Microsoft Visual Studio Solution File, Format Version 12.00
# Visual Studio Version 17
VisualStudioVersion = 17.5.2.0
MinimumVisualStudioVersion = 10.0.40219.1
Project("{FAE04EC0-301F-11D3-BF4B-00C04F79EFBC}") = "Api_BuildTech", "Api_BuildTech.csproj", "{C91B927A-BB6B-D53A-7F43-8970F155D3F3}"
EndProject
Global
	GlobalSection(SolutionConfigurationPlatforms) = preSolution
		Debug|Any CPU = Debug|Any CPU
		Release|Any CPU = Release|Any CPU
	EndGlobalSection
	GlobalSection(ProjectConfigurationPlatforms) = postSolution
		{C91B927A-BB6B-D53A-7F43-8970F155D3F3}.Debug|Any CPU.ActiveCfg = Debug|Any CPU
		{C91B927A-BB6B-D53A-7F43-8970F155D3F3}.Debug|Any CPU.Build.0 = Debug|Any CPU
		{C91B927A-BB6B-D53A-7F43-8970F155D3F3}.Release|Any CPU.ActiveCfg = Release|Any CPU
		{C91B927A-BB6B-D53A-7F43-8970F155D3F3}.Release|Any CPU.Build.0 = Release|Any CPU
	EndGlobalSection
	GlobalSection(SolutionProperties) = preSolution
		HideSolutionNode = FALSE
	EndGlobalSection
	GlobalSection(ExtensibilityGlobals) = postSolution
		SolutionGuid = {4BD8E0AC-9C81-4295-AF5D-ACACD48F3255}
	EndGlobalSection
EndGlobal
